
Microsoft Visual Studio Solution File, Format Version 12.00
# Visual Studio 15
VisualStudioVersion = 15.0.28010.2036
MinimumVisualStudioVersion = 10.0.40219.1
Project("{FAE04EC0-301F-11D3-BF4B-00C04F79EFBC}") = "MarcWittke.Docker.AdHocDatabase", "MarcWittke.Docker.AdHocDatabase\MarcWittke.Docker.AdHocDatabase.csproj", "{A491487A-447A-4F3D-A40C-848621B2C72A}"
EndProject
Global
	GlobalSection(SolutionConfigurationPlatforms) = preSolution
		Debug|Any CPU = Debug|Any CPU
		Release|Any CPU = Release|Any CPU
	EndGlobalSection
	GlobalSection(ProjectConfigurationPlatforms) = postSolution
		{A491487A-447A-4F3D-A40C-848621B2C72A}.Debug|Any CPU.ActiveCfg = Debug|Any CPU
		{A491487A-447A-4F3D-A40C-848621B2C72A}.Debug|Any CPU.Build.0 = Debug|Any CPU
		{A491487A-447A-4F3D-A40C-848621B2C72A}.Release|Any CPU.ActiveCfg = Release|Any CPU
		{A491487A-447A-4F3D-A40C-848621B2C72A}.Release|Any CPU.Build.0 = Release|Any CPU
	EndGlobalSection
	GlobalSection(SolutionProperties) = preSolution
		HideSolutionNode = FALSE
	EndGlobalSection
	GlobalSection(ExtensibilityGlobals) = postSolution
		SolutionGuid = {51A87547-5A6A-4142-8AA4-8BBC59F2826E}
	EndGlobalSection
EndGlobal
